
Microsoft Visual Studio Solution File, Format Version 12.00
# Visual Studio Version 16
VisualStudioVersion = 16.0.30621.155
MinimumVisualStudioVersion = 10.0.40219.1
Project("{FAE04EC0-301F-11D3-BF4B-00C04F79EFBC}") = "Jk_Buh_Prof", "Jk_Buh_Prof.csproj", "{D9CBFF1C-489F-44B7-9FEE-A1714855BC0B}"
EndProject
Global
	GlobalSection(SolutionConfigurationPlatforms) = preSolution
		Debug|Any CPU = Debug|Any CPU
		Release|Any CPU = Release|Any CPU
	EndGlobalSection
	GlobalSection(ProjectConfigurationPlatforms) = postSolution
		{D9CBFF1C-489F-44B7-9FEE-A1714855BC0B}.Debug|Any CPU.ActiveCfg = Debug|Any CPU
		{D9CBFF1C-489F-44B7-9FEE-A1714855BC0B}.Debug|Any CPU.Build.0 = Debug|Any CPU
		{D9CBFF1C-489F-44B7-9FEE-A1714855BC0B}.Release|Any CPU.ActiveCfg = Release|Any CPU
		{D9CBFF1C-489F-44B7-9FEE-A1714855BC0B}.Release|Any CPU.Build.0 = Release|Any CPU
	EndGlobalSection
	GlobalSection(SolutionProperties) = preSolution
		HideSolutionNode = FALSE
	EndGlobalSection
	GlobalSection(ExtensibilityGlobals) = postSolution
		SolutionGuid = {60B458AA-302E-43EE-A882-FB1039F31764}
	EndGlobalSection
EndGlobal
